
Microsoft Visual Studio Solution File, Format Version 12.00
# Visual Studio Version 17
VisualStudioVersion = 17.2.32616.157
MinimumVisualStudioVersion = 10.0.40219.1
Project("{2150E333-8FDC-42A3-9474-1A3956D46DE8}") = "4.Infraestructure", "4.Infraestructure", "{0B79E9DB-5501-4BCD-9B96-9018036C09A4}"
EndProject
Project("{2150E333-8FDC-42A3-9474-1A3956D46DE8}") = "1.UserInterface", "1.UserInterface", "{CB166755-393A-491D-BD94-C0B104AF3096}"
EndProject
Project("{2150E333-8FDC-42A3-9474-1A3956D46DE8}") = "2.Application", "2.Application", "{88BB1C23-04EA-4EFF-AA7D-7A14EF33A3E4}"
EndProject
Project("{2150E333-8FDC-42A3-9474-1A3956D46DE8}") = "3.Dominio", "3.Dominio", "{86153101-06BC-49A9-B3E5-FD78D2962E2C}"
EndProject
Project("{9A19103F-16F7-4668-BE54-9A1E7A4F7556}") = "Sgcm.Dominio", "Sgcm.Dominio\Sgcm.Dominio.csproj", "{88C63D57-6A7E-4D12-8364-69E19D33316A}"
EndProject
Project("{9A19103F-16F7-4668-BE54-9A1E7A4F7556}") = "Sgcm.InfraData", "Sgcm.InfraData\Sgcm.InfraData.csproj", "{614197C8-76DC-4166-9D5D-BD86F882B729}"
EndProject
Project("{9A19103F-16F7-4668-BE54-9A1E7A4F7556}") = "Sgcm.InfraSoporte", "Sgcm.InfraSoporte\Sgcm.InfraSoporte.csproj", "{50F02AC4-1B92-4858-B837-A3142D2859F6}"
EndProject
Project("{9A19103F-16F7-4668-BE54-9A1E7A4F7556}") = "Sgcm.App", "Sgcm.API\Sgcm.App.csproj", "{C3928C5D-D02B-454D-A518-9F145145F785}"
EndProject
Project("{9A19103F-16F7-4668-BE54-9A1E7A4F7556}") = "Sgcm.UI.Desktop", "UI.Desktop\Sgcm.UI.Desktop.csproj", "{11B3FF8C-5E82-4B86-ABF8-6032E6C70CC8}"
EndProject
Project("{9A19103F-16F7-4668-BE54-9A1E7A4F7556}") = "WpfCtrls", "..\CtrlApp\WpfCtrls\WpfCtrls.csproj", "{00210720-8901-4AB9-A8FF-CF8F1FF7F688}"
EndProject
Project("{9A19103F-16F7-4668-BE54-9A1E7A4F7556}") = "AppTools", "..\AppTools\AppTools.csproj", "{CF2D421E-58FE-4DBC-958C-1C7DFA61D63C}"
EndProject
Project("{FAE04EC0-301F-11D3-BF4B-00C04F79EFBC}") = "sgcm.UI.WebApp", "sgcm.UI.WebApp\sgcm.UI.WebApp.csproj", "{9F334488-21D8-4B52-BEA9-77AC26B1A77E}"
EndProject
Global
	GlobalSection(SolutionConfigurationPlatforms) = preSolution
		Debug|Any CPU = Debug|Any CPU
		Release|Any CPU = Release|Any CPU
	EndGlobalSection
	GlobalSection(ProjectConfigurationPlatforms) = postSolution
		{88C63D57-6A7E-4D12-8364-69E19D33316A}.Debug|Any CPU.ActiveCfg = Debug|Any CPU
		{88C63D57-6A7E-4D12-8364-69E19D33316A}.Debug|Any CPU.Build.0 = Debug|Any CPU
		{88C63D57-6A7E-4D12-8364-69E19D33316A}.Release|Any CPU.ActiveCfg = Release|Any CPU
		{88C63D57-6A7E-4D12-8364-69E19D33316A}.Release|Any CPU.Build.0 = Release|Any CPU
		{614197C8-76DC-4166-9D5D-BD86F882B729}.Debug|Any CPU.ActiveCfg = Debug|Any CPU
		{614197C8-76DC-4166-9D5D-BD86F882B729}.Debug|Any CPU.Build.0 = Debug|Any CPU
		{614197C8-76DC-4166-9D5D-BD86F882B729}.Release|Any CPU.ActiveCfg = Release|Any CPU
		{614197C8-76DC-4166-9D5D-BD86F882B729}.Release|Any CPU.Build.0 = Release|Any CPU
		{50F02AC4-1B92-4858-B837-A3142D2859F6}.Debug|Any CPU.ActiveCfg = Debug|Any CPU
		{50F02AC4-1B92-4858-B837-A3142D2859F6}.Debug|Any CPU.Build.0 = Debug|Any CPU
		{50F02AC4-1B92-4858-B837-A3142D2859F6}.Release|Any CPU.ActiveCfg = Release|Any CPU
		{50F02AC4-1B92-4858-B837-A3142D2859F6}.Release|Any CPU.Build.0 = Release|Any CPU
		{C3928C5D-D02B-454D-A518-9F145145F785}.Debug|Any CPU.ActiveCfg = Debug|Any CPU
		{C3928C5D-D02B-454D-A518-9F145145F785}.Debug|Any CPU.Build.0 = Debug|Any CPU
		{C3928C5D-D02B-454D-A518-9F145145F785}.Release|Any CPU.ActiveCfg = Release|Any CPU
		{C3928C5D-D02B-454D-A518-9F145145F785}.Release|Any CPU.Build.0 = Release|Any CPU
		{11B3FF8C-5E82-4B86-ABF8-6032E6C70CC8}.Debug|Any CPU.ActiveCfg = Debug|Any CPU
		{11B3FF8C-5E82-4B86-ABF8-6032E6C70CC8}.Debug|Any CPU.Build.0 = Debug|Any CPU
		{11B3FF8C-5E82-4B86-ABF8-6032E6C70CC8}.Release|Any CPU.ActiveCfg = Release|Any CPU
		{11B3FF8C-5E82-4B86-ABF8-6032E6C70CC8}.Release|Any CPU.Build.0 = Release|Any CPU
		{00210720-8901-4AB9-A8FF-CF8F1FF7F688}.Debug|Any CPU.ActiveCfg = Debug|Any CPU
		{00210720-8901-4AB9-A8FF-CF8F1FF7F688}.Debug|Any CPU.Build.0 = Debug|Any CPU
		{00210720-8901-4AB9-A8FF-CF8F1FF7F688}.Release|Any CPU.ActiveCfg = Release|Any CPU
		{00210720-8901-4AB9-A8FF-CF8F1FF7F688}.Release|Any CPU.Build.0 = Release|Any CPU
		{CF2D421E-58FE-4DBC-958C-1C7DFA61D63C}.Debug|Any CPU.ActiveCfg = Debug|Any CPU
		{CF2D421E-58FE-4DBC-958C-1C7DFA61D63C}.Debug|Any CPU.Build.0 = Debug|Any CPU
		{CF2D421E-58FE-4DBC-958C-1C7DFA61D63C}.Release|Any CPU.ActiveCfg = Release|Any CPU
		{CF2D421E-58FE-4DBC-958C-1C7DFA61D63C}.Release|Any CPU.Build.0 = Release|Any CPU
		{9F334488-21D8-4B52-BEA9-77AC26B1A77E}.Debug|Any CPU.ActiveCfg = Debug|Any CPU
		{9F334488-21D8-4B52-BEA9-77AC26B1A77E}.Debug|Any CPU.Build.0 = Debug|Any CPU
		{9F334488-21D8-4B52-BEA9-77AC26B1A77E}.Release|Any CPU.ActiveCfg = Release|Any CPU
		{9F334488-21D8-4B52-BEA9-77AC26B1A77E}.Release|Any CPU.Build.0 = Release|Any CPU
	EndGlobalSection
	GlobalSection(SolutionProperties) = preSolution
		HideSolutionNode = FALSE
	EndGlobalSection
	GlobalSection(NestedProjects) = preSolution
		{88C63D57-6A7E-4D12-8364-69E19D33316A} = {86153101-06BC-49A9-B3E5-FD78D2962E2C}
		{614197C8-76DC-4166-9D5D-BD86F882B729} = {0B79E9DB-5501-4BCD-9B96-9018036C09A4}
		{50F02AC4-1B92-4858-B837-A3142D2859F6} = {0B79E9DB-5501-4BCD-9B96-9018036C09A4}
		{C3928C5D-D02B-454D-A518-9F145145F785} = {88BB1C23-04EA-4EFF-AA7D-7A14EF33A3E4}
		{11B3FF8C-5E82-4B86-ABF8-6032E6C70CC8} = {CB166755-393A-491D-BD94-C0B104AF3096}
		{00210720-8901-4AB9-A8FF-CF8F1FF7F688} = {CB166755-393A-491D-BD94-C0B104AF3096}
		{CF2D421E-58FE-4DBC-958C-1C7DFA61D63C} = {CB166755-393A-491D-BD94-C0B104AF3096}
		{9F334488-21D8-4B52-BEA9-77AC26B1A77E} = {CB166755-393A-491D-BD94-C0B104AF3096}
	EndGlobalSection
	GlobalSection(ExtensibilityGlobals) = postSolution
		SolutionGuid = {30EF6A40-B713-4E35-B789-DE30614F1982}
	EndGlobalSection
EndGlobal
